// !$*UTF8*$!
{
	archiveVersion = 1;
	classes = {
	};
	objectVersion = 46;
	objects = {

/* Begin PBXBuildFile section */
		858EC55F1DB33E21006C96D2 /* AppDelegate.swift in Sources */ = {isa = PBXBuildFile; fileRef = 858EC55E1DB33E21006C96D2 /* AppDelegate.swift */; };
		858EC5611DB33E21006C96D2 /* ViewController.swift in Sources */ = {isa = PBXBuildFile; fileRef = 858EC5601DB33E21006C96D2 /* ViewController.swift */; };
		858EC5641DB33E21006C96D2 /* Main.storyboard in Resources */ = {isa = PBXBuildFile; fileRef = 858EC5621DB33E21006C96D2 /* Main.storyboard */; };
		858EC5661DB33E21006C96D2 /* Assets.xcassets in Resources */ = {isa = PBXBuildFile; fileRef = 858EC5651DB33E21006C96D2 /* Assets.xcassets */; };
		858EC5691DB33E21006C96D2 /* LaunchScreen.storyboard in Resources */ = {isa = PBXBuildFile; fileRef = 858EC5671DB33E21006C96D2 /* LaunchScreen.storyboard */; };
		858EC5741DB33E21006C96D2 /* DriveItAppTests.swift in Sources */ = {isa = PBXBuildFile; fileRef = 858EC5731DB33E21006C96D2 /* DriveItAppTests.swift */; };
		858EC57F1DB33E21006C96D2 /* DriveItAppUITests.swift in Sources */ = {isa = PBXBuildFile; fileRef = 858EC57E1DB33E21006C96D2 /* DriveItAppUITests.swift */; };
/* End PBXBuildFile section */

/* Begin PBXContainerItemProxy section */
		858EC5701DB33E21006C96D2 /* PBXContainerItemProxy */ = {
			isa = PBXContainerItemProxy;
			containerPortal = 858EC5531DB33E21006C96D2 /* Project object */;
			proxyType = 1;
			remoteGlobalIDString = 858EC55A1DB33E21006C96D2;
			remoteInfo = DriveItApp;
		};
		858EC57B1DB33E21006C96D2 /* PBXContainerItemProxy */ = {
			isa = PBXContainerItemProxy;
			containerPortal = 858EC5531DB33E21006C96D2 /* Project object */;
			proxyType = 1;
			remoteGlobalIDString = 858EC55A1DB33E21006C96D2;
			remoteInfo = DriveItApp;
		};
/* End PBXContainerItemProxy section */

/* Begin PBXFileReference section */
		858EC55B1DB33E21006C96D2 /* DriveItApp.app */ = {isa = PBXFileReference; explicitFileType = wrapper.application; includeInIndex = 0; path = DriveItApp.app; sourceTree = BUILT_PRODUCTS_DIR; };
		858EC55E1DB33E21006C96D2 /* AppDelegate.swift */ = {isa = PBXFileReference; lastKnownFileType = sourcecode.swift; path = AppDelegate.swift; sourceTree = "<group>"; };
		858EC5601DB33E21006C96D2 /* ViewController.swift */ = {isa = PBXFileReference; lastKnownFileType = sourcecode.swift; path = ViewController.swift; sourceTree = "<group>"; };
		858EC5631DB33E21006C96D2 /* Base */ = {isa = PBXFileReference; lastKnownFileType = file.storyboard; name = Base; path = Base.lproj/Main.storyboard; sourceTree = "<group>"; };
		858EC5651DB33E21006C96D2 /* Assets.xcassets */ = {isa = PBXFileReference; lastKnownFileType = folder.assetcatalog; path = Assets.xcassets; sourceTree = "<group>"; };
		858EC5681DB33E21006C96D2 /* Base */ = {isa = PBXFileReference; lastKnownFileType = file.storyboard; name = Base; path = Base.lproj/LaunchScreen.storyboard; sourceTree = "<group>"; };
		858EC56A1DB33E21006C96D2 /* Info.plist */ = {isa = PBXFileReference; lastKnownFileType = text.plist.xml; path = Info.plist; sourceTree = "<group>"; };
		858EC56F1DB33E21006C96D2 /* DriveItAppTests.xctest */ = {isa = PBXFileReference; explicitFileType = wrapper.cfbundle; includeInIndex = 0; path = DriveItAppTests.xctest; sourceTree = BUILT_PRODUCTS_DIR; };
		858EC5731DB33E21006C96D2 /* DriveItAppTests.swift */ = {isa = PBXFileReference; lastKnownFileType = sourcecode.swift; path = DriveItAppTests.swift; sourceTree = "<group>"; };
		858EC5751DB33E21006C96D2 /* Info.plist */ = {isa = PBXFileReference; lastKnownFileType = text.plist.xml; path = Info.plist; sourceTree = "<group>"; };
		858EC57A1DB33E21006C96D2 /* DriveItAppUITests.xctest */ = {isa = PBXFileReference; explicitFileType = wrapper.cfbundle; includeInIndex = 0; path = DriveItAppUITests.xctest; sourceTree = BUILT_PRODUCTS_DIR; };
		858EC57E1DB33E21006C96D2 /* DriveItAppUITests.swift */ = {isa = PBXFileReference; lastKnownFileType = sourcecode.swift; path = DriveItAppUITests.swift; sourceTree = "<group>"; };
		858EC5801DB33E21006C96D2 /* Info.plist */ = {isa = PBXFileReference; lastKnownFileType = text.plist.xml; path = Info.plist; sourceTree = "<group>"; };
/* End PBXFileReference section */

/* Begin PBXFrameworksBuildPhase section */
		858EC5581DB33E21006C96D2 /* Frameworks */ = {
			isa = PBXFrameworksBuildPhase;
			buildActionMask = 2147483647;
			files = (
			);
			runOnlyForDeploymentPostprocessing = 0;
		};
		858EC56C1DB33E21006C96D2 /* Frameworks */ = {
			isa = PBXFrameworksBuildPhase;
			buildActionMask = 2147483647;
			files = (
			);
			runOnlyForDeploymentPostprocessing = 0;
		};
		858EC5771DB33E21006C96D2 /* Frameworks */ = {
			isa = PBXFrameworksBuildPhase;
			buildActionMask = 2147483647;
			files = (
			);
			runOnlyForDeploymentPostprocessing = 0;
		};
/* End PBXFrameworksBuildPhase section */

/* Begin PBXGroup section */
		858EC5521DB33E21006C96D2 = {
			isa = PBXGroup;
			children = (
				858EC55D1DB33E21006C96D2 /* DriveItApp */,
				858EC5721DB33E21006C96D2 /* DriveItAppTests */,
				858EC57D1DB33E21006C96D2 /* DriveItAppUITests */,
				858EC55C1DB33E21006C96D2 /* Products */,
			);
			sourceTree = "<group>";
		};
		858EC55C1DB33E21006C96D2 /* Products */ = {
			isa = PBXGroup;
			children = (
				858EC55B1DB33E21006C96D2 /* DriveItApp.app */,
				858EC56F1DB33E21006C96D2 /* DriveItAppTests.xctest */,
				858EC57A1DB33E21006C96D2 /* DriveItAppUITests.xctest */,
			);
			name = Products;
			sourceTree = "<group>";
		};
		858EC55D1DB33E21006C96D2 /* DriveItApp */ = {
			isa = PBXGroup;
			children = (
				858EC55E1DB33E21006C96D2 /* AppDelegate.swift */,
				858EC5601DB33E21006C96D2 /* ViewController.swift */,
				858EC5621DB33E21006C96D2 /* Main.storyboard */,
				858EC5651DB33E21006C96D2 /* Assets.xcassets */,
				858EC5671DB33E21006C96D2 /* LaunchScreen.storyboard */,
				858EC56A1DB33E21006C96D2 /* Info.plist */,
			);
			path = DriveItApp;
			sourceTree = "<group>";
		};
		858EC5721DB33E21006C96D2 /* DriveItAppTests */ = {
			isa = PBXGroup;
			children = (
				858EC5731DB33E21006C96D2 /* DriveItAppTests.swift */,
				858EC5751DB33E21006C96D2 /* Info.plist */,
			);
			path = DriveItAppTests;
			sourceTree = "<group>";
		};
		858EC57D1DB33E21006C96D2 /* DriveItAppUITests */ = {
			isa = PBXGroup;
			children = (
				858EC57E1DB33E21006C96D2 /* DriveItAppUITests.swift */,
				858EC5801DB33E21006C96D2 /* Info.plist */,
			);
			path = DriveItAppUITests;
			sourceTree = "<group>";
		};
/* End PBXGroup section */

/* Begin PBXNativeTarget section */
		858EC55A1DB33E21006C96D2 /* DriveItApp */ = {
			isa = PBXNativeTarget;
			buildConfigurationList = 858EC5831DB33E21006C96D2 /* Build configuration list for PBXNativeTarget "DriveItApp" */;
			buildPhases = (
				858EC5571DB33E21006C96D2 /* Sources */,
				858EC5581DB33E21006C96D2 /* Frameworks */,
				858EC5591DB33E21006C96D2 /* Resources */,
			);
			buildRules = (
			);
			dependencies = (
			);
			name = DriveItApp;
			productName = DriveItApp;
			productReference = 858EC55B1DB33E21006C96D2 /* DriveItApp.app */;
			productType = "com.apple.product-type.application";
		};
		858EC56E1DB33E21006C96D2 /* DriveItAppTests */ = {
			isa = PBXNativeTarget;
			buildConfigurationList = 858EC5861DB33E21006C96D2 /* Build configuration list for PBXNativeTarget "DriveItAppTests" */;
			buildPhases = (
				858EC56B1DB33E21006C96D2 /* Sources */,
				858EC56C1DB33E21006C96D2 /* Frameworks */,
				858EC56D1DB33E21006C96D2 /* Resources */,
			);
			buildRules = (
			);
			dependencies = (
				858EC5711DB33E21006C96D2 /* PBXTargetDependency */,
			);
			name = DriveItAppTests;
			productName = DriveItAppTests;
			productReference = 858EC56F1DB33E21006C96D2 /* DriveItAppTests.xctest */;
			productType = "com.apple.product-type.bundle.unit-test";
		};
		858EC5791DB33E21006C96D2 /* DriveItAppUITests */ = {
			isa = PBXNativeTarget;
			buildConfigurationList = 858EC5891DB33E21006C96D2 /* Build configuration list for PBXNativeTarget "DriveItAppUITests" */;
			buildPhases = (
				858EC5761DB33E21006C96D2 /* Sources */,
				858EC5771DB33E21006C96D2 /* Frameworks */,
				858EC5781DB33E21006C96D2 /* Resources */,
			);
			buildRules = (
			);
			dependencies = (
				858EC57C1DB33E21006C96D2 /* PBXTargetDependency */,
			);
			name = DriveItAppUITests;
			productName = DriveItAppUITests;
			productReference = 858EC57A1DB33E21006C96D2 /* DriveItAppUITests.xctest */;
			productType = "com.apple.product-type.bundle.ui-testing";
		};
/* End PBXNativeTarget section */

/* Begin PBXProject section */
		858EC5531DB33E21006C96D2 /* Project object */ = {
			isa = PBXProject;
			attributes = {
				LastSwiftUpdateCheck = 0800;
				LastUpgradeCheck = 0800;
				ORGANIZATIONNAME = "Shaheen Sharifian";
				TargetAttributes = {
					858EC55A1DB33E21006C96D2 = {
						CreatedOnToolsVersion = 8.0;
						DevelopmentTeam = EGP93434AU;
						ProvisioningStyle = Automatic;
					};
					858EC56E1DB33E21006C96D2 = {
						CreatedOnToolsVersion = 8.0;
						DevelopmentTeam = EGP93434AU;
						ProvisioningStyle = Automatic;
						TestTargetID = 858EC55A1DB33E21006C96D2;
					};
					858EC5791DB33E21006C96D2 = {
						CreatedOnToolsVersion = 8.0;
						DevelopmentTeam = EGP93434AU;
						ProvisioningStyle = Automatic;
						TestTargetID = 858EC55A1DB33E21006C96D2;
					};
				};
			};
			buildConfigurationList = 858EC5561DB33E21006C96D2 /* Build configuration list for PBXProject "DriveItApp" */;
			compatibilityVersion = "Xcode 3.2";
			developmentRegion = English;
			hasScannedForEncodings = 0;
			knownRegions = (
				en,
				Base,
			);
			mainGroup = 858EC5521DB33E21006C96D2;
			productRefGroup = 858EC55C1DB33E21006C96D2 /* Products */;
			projectDirPath = "";
			projectRoot = "";
			targets = (
				858EC55A1DB33E21006C96D2 /* DriveItApp */,
				858EC56E1DB33E21006C96D2 /* DriveItAppTests */,
				858EC5791DB33E21006C96D2 /* DriveItAppUITests */,
			);
		};
/* End PBXProject section */

/* Begin PBXResourcesBuildPhase section */
		858EC5591DB33E21006C96D2 /* Resources */ = {
			isa = PBXResourcesBuildPhase;
			buildActionMask = 2147483647;
			files = (
				858EC5691DB33E21006C96D2 /* LaunchScreen.storyboard in Resources */,
				858EC5661DB33E21006C96D2 /* Assets.xcassets in Resources */,
				858EC5641DB33E21006C96D2 /* Main.storyboard in Resources */,
			);
			runOnlyForDeploymentPostprocessing = 0;
		};
		858EC56D1DB33E21006C96D2 /* Resources */ = {
			isa = PBXResourcesBuildPhase;
			buildActionMask = 2147483647;
			files = (
			);
			runOnlyForDeploymentPostprocessing = 0;
		};
		858EC5781DB33E21006C96D2 /* Resources */ = {
			isa = PBXResourcesBuildPhase;
			buildActionMask = 2147483647;
			files = (
			);
			runOnlyForDeploymentPostprocessing = 0;
		};
/* End PBXResourcesBuildPhase section */

/* Begin PBXSourcesBuildPhase section */
		858EC5571DB33E21006C96D2 /* Sources */ = {
			isa = PBXSourcesBuildPhase;
			buildActionMask = 2147483647;
			files = (
				858EC5611DB33E21006C96D2 /* ViewController.swift in Sources */,
				858EC55F1DB33E21006C96D2 /* AppDelegate.swift in Sources */,
			);
			runOnlyForDeploymentPostprocessing = 0;
		};
		858EC56B1DB33E21006C96D2 /* Sources */ = {
			isa = PBXSourcesBuildPhase;
			buildActionMask = 2147483647;
			files = (
				858EC5741DB33E21006C96D2 /* DriveItAppTests.swift in Sources */,
			);
			runOnlyForDeploymentPostprocessing = 0;
		};
		858EC5761DB33E21006C96D2 /* Sources */ = {
			isa = PBXSourcesBuildPhase;
			buildActionMask = 2147483647;
			files = (
				858EC57F1DB33E21006C96D2 /* DriveItAppUITests.swift in Sources */,
			);
			runOnlyForDeploymentPostprocessing = 0;
		};
/* End PBXSourcesBuildPhase section */

/* Begin PBXTargetDependency section */
		858EC5711DB33E21006C96D2 /* PBXTargetDependency */ = {
			isa = PBXTargetDependency;
			target = 858EC55A1DB33E21006C96D2 /* DriveItApp */;
			targetProxy = 858EC5701DB33E21006C96D2 /* PBXContainerItemProxy */;
		};
		858EC57C1DB33E21006C96D2 /* PBXTargetDependency */ = {
			isa = PBXTargetDependency;
			target = 858EC55A1DB33E21006C96D2 /* DriveItApp */;
			targetProxy = 858EC57B1DB33E21006C96D2 /* PBXContainerItemProxy */;
		};
/* End PBXTargetDependency section */

/* Begin PBXVariantGroup section */
		858EC5621DB33E21006C96D2 /* Main.storyboard */ = {
			isa = PBXVariantGroup;
			children = (
				858EC5631DB33E21006C96D2 /* Base */,
			);
			name = Main.storyboard;
			sourceTree = "<group>";
		};
		858EC5671DB33E21006C96D2 /* LaunchScreen.storyboard */ = {
			isa = PBXVariantGroup;
			children = (
				858EC5681DB33E21006C96D2 /* Base */,
			);
			name = LaunchScreen.storyboard;
			sourceTree = "<group>";
		};
/* End PBXVariantGroup section */

/* Begin XCBuildConfiguration section */
		858EC5811DB33E21006C96D2 /* Debug */ = {
			isa = XCBuildConfiguration;
			buildSettings = {
				ALWAYS_SEARCH_USER_PATHS = NO;
				CLANG_ANALYZER_NONNULL = YES;
				CLANG_CXX_LANGUAGE_STANDARD = "gnu++0x";
				CLANG_CXX_LIBRARY = "libc++";
				CLANG_ENABLE_MODULES = YES;
				CLANG_ENABLE_OBJC_ARC = YES;
				CLANG_WARN_BOOL_CONVERSION = YES;
				CLANG_WARN_CONSTANT_CONVERSION = YES;
				CLANG_WARN_DIRECT_OBJC_ISA_USAGE = YES_ERROR;
				CLANG_WARN_DOCUMENTATION_COMMENTS = YES;
				CLANG_WARN_EMPTY_BODY = YES;
				CLANG_WARN_ENUM_CONVERSION = YES;
				CLANG_WARN_INFINITE_RECURSION = YES;
				CLANG_WARN_INT_CONVERSION = YES;
				CLANG_WARN_OBJC_ROOT_CLASS = YES_ERROR;
				CLANG_WARN_SUSPICIOUS_MOVES = YES;
				CLANG_WARN_UNREACHABLE_CODE = YES;
				CLANG_WARN__DUPLICATE_METHOD_MATCH = YES;
				"CODE_SIGN_IDENTITY[sdk=iphoneos*]" = "iPhone Developer";
				COPY_PHASE_STRIP = NO;
				DEBUG_INFORMATION_FORMAT = dwarf;
				ENABLE_STRICT_OBJC_MSGSEND = YES;
				ENABLE_TESTABILITY = YES;
				GCC_C_LANGUAGE_STANDARD = gnu99;
				GCC_DYNAMIC_NO_PIC = NO;
				GCC_NO_COMMON_BLOCKS = YES;
				GCC_OPTIMIZATION_LEVEL = 0;
				GCC_PREPROCESSOR_DEFINITIONS = (
					"DEBUG=1",
					"$(inherited)",
				);
				GCC_WARN_64_TO_32_BIT_CONVERSION = YES;
				GCC_WARN_ABOUT_RETURN_TYPE = YES_ERROR;
				GCC_WARN_UNDECLARED_SELECTOR = YES;
				GCC_WARN_UNINITIALIZED_AUTOS = YES_AGGRESSIVE;
				GCC_WARN_UNUSED_FUNCTION = YES;
				GCC_WARN_UNUSED_VARIABLE = YES;
				IPHONEOS_DEPLOYMENT_TARGET = 10.0;
				MTL_ENABLE_DEBUG_INFO = YES;
				ONLY_ACTIVE_ARCH = YES;
				SDKROOT = iphoneos;
				SWIFT_ACTIVE_COMPILATION_CONDITIONS = DEBUG;
				SWIFT_OPTIMIZATION_LEVEL = "-Onone";
			};
			name = Debug;
		};
		858EC5821DB33E21006C96D2 /* Release */ = {
			isa = XCBuildConfiguration;
			buildSettings = {
				ALWAYS_SEARCH_USER_PATHS = NO;
				CLANG_ANALYZER_NONNULL = YES;
				CLANG_CXX_LANGUAGE_STANDARD = "gnu++0x";
				CLANG_CXX_LIBRARY = "libc++";
				CLANG_ENABLE_MODULES = YES;
				CLANG_ENABLE_OBJC_ARC = YES;
				CLANG_WARN_BOOL_CONVERSION = YES;
				CLANG_WARN_CONSTANT_CONVERSION = YES;
				CLANG_WARN_DIRECT_OBJC_ISA_USAGE = YES_ERROR;
				CLANG_WARN_DOCUMENTATION_COMMENTS = YES;
				CLANG_WARN_EMPTY_BODY = YES;
				CLANG_WARN_ENUM_CONVERSION = YES;
				CLANG_WARN_INFINITE_RECURSION = YES;
				CLANG_WARN_INT_CONVERSION = YES;
				CLANG_WARN_OBJC_ROOT_CLASS = YES_ERROR;
				CLANG_WARN_SUSPICIOUS_MOVES = YES;
				CLANG_WARN_UNREACHABLE_CODE = YES;
				CLANG_WARN__DUPLICATE_METHOD_MATCH = YES;
				"CODE_SIGN_IDENTITY[sdk=iphoneos*]" = "iPhone Developer";
				COPY_PHASE_STRIP = NO;
				DEBUG_INFORMATION_FORMAT = "dwarf-with-dsym";
				ENABLE_NS_ASSERTIONS = NO;
				ENABLE_STRICT_OBJC_MSGSEND = YES;
				GCC_C_LANGUAGE_STANDARD = gnu99;
				GCC_NO_COMMON_BLOCKS = YES;
				GCC_WARN_64_TO_32_BIT_CONVERSION = YES;
				GCC_WARN_ABOUT_RETURN_TYPE = YES_ERROR;
				GCC_WARN_UNDECLARED_SELECTOR = YES;
				GCC_WARN_UNINITIALIZED_AUTOS = YES_AGGRESSIVE;
				GCC_WARN_UNUSED_FUNCTION = YES;
				GCC_WARN_UNUSED_VARIABLE = YES;
				IPHONEOS_DEPLOYMENT_TARGET = 10.0;
				MTL_ENABLE_DEBUG_INFO = NO;
				SDKROOT = iphoneos;
				SWIFT_OPTIMIZATION_LEVEL = "-Owholemodule";
				VALIDATE_PRODUCT = YES;
			};
			name = Release;
		};
		858EC5841DB33E21006C96D2 /* Debug */ = {
			isa = XCBuildConfiguration;
			buildSettings = {
				ASSETCATALOG_COMPILER_APPICON_NAME = AppIcon;
				DEVELOPMENT_TEAM = EGP93434AU;
				INFOPLIST_FILE = DriveItApp/Info.plist;
				LD_RUNPATH_SEARCH_PATHS = "$(inherited) @executable_path/Frameworks";
				PRODUCT_BUNDLE_IDENTIFIER = "Shaheen-Sharifian.DriveItApp";
				PRODUCT_NAME = "$(TARGET_NAME)";
				SWIFT_VERSION = 3.0;
			};
			name = Debug;
		};
		858EC5851DB33E21006C96D2 /* Release */ = {
			isa = XCBuildConfiguration;
			buildSettings = {
				ASSETCATALOG_COMPILER_APPICON_NAME = AppIcon;
				DEVELOPMENT_TEAM = EGP93434AU;
				INFOPLIST_FILE = DriveItApp/Info.plist;
				LD_RUNPATH_SEARCH_PATHS = "$(inherited) @executable_path/Frameworks";
				PRODUCT_BUNDLE_IDENTIFIER = "Shaheen-Sharifian.DriveItApp";
				PRODUCT_NAME = "$(TARGET_NAME)";
				SWIFT_VERSION = 3.0;
			};
			name = Release;
		};
		858EC5871DB33E21006C96D2 /* Debug */ = {
			isa = XCBuildConfiguration;
			buildSettings = {
				ALWAYS_EMBED_SWIFT_STANDARD_LIBRARIES = YES;
				BUNDLE_LOADER = "$(TEST_HOST)";
				DEVELOPMENT_TEAM = EGP93434AU;
				INFOPLIST_FILE = DriveItAppTests/Info.plist;
				LD_RUNPATH_SEARCH_PATHS = "$(inherited) @executable_path/Frameworks @loader_path/Frameworks";
				PRODUCT_BUNDLE_IDENTIFIER = "Shaheen-Sharifian.DriveItAppTests";
				PRODUCT_NAME = "$(TARGET_NAME)";
				SWIFT_VERSION = 3.0;
				TEST_HOST = "$(BUILT_PRODUCTS_DIR)/DriveItApp.app/DriveItApp";
			};
			name = Debug;
		};
		858EC5881DB33E21006C96D2 /* Release */ = {
			isa = XCBuildConfiguration;
			buildSettings = {
				ALWAYS_EMBED_SWIFT_STANDARD_LIBRARIES = YES;
				BUNDLE_LOADER = "$(TEST_HOST)";
				DEVELOPMENT_TEAM = EGP93434AU;
				INFOPLIST_FILE = DriveItAppTests/Info.plist;
				LD_RUNPATH_SEARCH_PATHS = "$(inherited) @executable_path/Frameworks @loader_path/Frameworks";
				PRODUCT_BUNDLE_IDENTIFIER = "Shaheen-Sharifian.DriveItAppTests";
				PRODUCT_NAME = "$(TARGET_NAME)";
				SWIFT_VERSION = 3.0;
				TEST_HOST = "$(BUILT_PRODUCTS_DIR)/DriveItApp.app/DriveItApp";
			};
			name = Release;
		};
		858EC58A1DB33E21006C96D2 /* Debug */ = {
			isa = XCBuildConfiguration;
			buildSettings = {
				ALWAYS_EMBED_SWIFT_STANDARD_LIBRARIES = YES;
				DEVELOPMENT_TEAM = EGP93434AU;
				INFOPLIST_FILE = DriveItAppUITests/Info.plist;
				LD_RUNPATH_SEARCH_PATHS = "$(inherited) @executable_path/Frameworks @loader_path/Frameworks";
				PRODUCT_BUNDLE_IDENTIFIER = "Shaheen-Sharifian.DriveItAppUITests";
				PRODUCT_NAME = "$(TARGET_NAME)";
				SWIFT_VERSION = 3.0;
				TEST_TARGET_NAME = DriveItApp;
			};
			name = Debug;
		};
		858EC58B1DB33E21006C96D2 /* Release */ = {
			isa = XCBuildConfiguration;
			buildSettings = {
				ALWAYS_EMBED_SWIFT_STANDARD_LIBRARIES = YES;
				DEVELOPMENT_TEAM = EGP93434AU;
				INFOPLIST_FILE = DriveItAppUITests/Info.plist;
				LD_RUNPATH_SEARCH_PATHS = "$(inherited) @executable_path/Frameworks @loader_path/Frameworks";
				PRODUCT_BUNDLE_IDENTIFIER = "Shaheen-Sharifian.DriveItAppUITests";
				PRODUCT_NAME = "$(TARGET_NAME)";
				SWIFT_VERSION = 3.0;
				TEST_TARGET_NAME = DriveItApp;
			};
			name = Release;
		};
/* End XCBuildConfiguration section */

/* Begin XCConfigurationList section */
		858EC5561DB33E21006C96D2 /* Build configuration list for PBXProject "DriveItApp" */ = {
			isa = XCConfigurationList;
			buildConfigurations = (
				858EC5811DB33E21006C96D2 /* Debug */,
				858EC5821DB33E21006C96D2 /* Release */,
			);
			defaultConfigurationIsVisible = 0;
			defaultConfigurationName = Release;
		};
		858EC5831DB33E21006C96D2 /* Build configuration list for PBXNativeTarget "DriveItApp" */ = {
			isa = XCConfigurationList;
			buildConfigurations = (
				858EC5841DB33E21006C96D2 /* Debug */,
				858EC5851DB33E21006C96D2 /* Release */,
			);
			defaultConfigurationIsVisible = 0;
		};
		858EC5861DB33E21006C96D2 /* Build configuration list for PBXNativeTarget "DriveItAppTests" */ = {
			isa = XCConfigurationList;
			buildConfigurations = (
				858EC5871DB33E21006C96D2 /* Debug */,
				858EC5881DB33E21006C96D2 /* Release */,
			);
			defaultConfigurationIsVisible = 0;
		};
		858EC5891DB33E21006C96D2 /* Build configuration list for PBXNativeTarget "DriveItAppUITests" */ = {
			isa = XCConfigurationList;
			buildConfigurations = (
				858EC58A1DB33E21006C96D2 /* Debug */,
				858EC58B1DB33E21006C96D2 /* Release */,
			);
			defaultConfigurationIsVisible = 0;
		};
/* End XCConfigurationList section */
	};
	rootObject = 858EC5531DB33E21006C96D2 /* Project object */;
}
